// !$*UTF8*$!
{
	archiveVersion = 1;
	classes = {
	};
	objectVersion = 46;
	objects = {

/* Begin PBXBuildFile section */
		815C48631BDEAFE300CBCF8E /* main.m in Sources */ = {isa = PBXBuildFile; fileRef = 815C48621BDEAFE300CBCF8E /* main.m */; };
		815C48661BDEAFE300CBCF8E /* AppDelegate.m in Sources */ = {isa = PBXBuildFile; fileRef = 815C48651BDEAFE300CBCF8E /* AppDelegate.m */; };
		815C48691BDEAFE300CBCF8E /* ViewController.m in Sources */ = {isa = PBXBuildFile; fileRef = 815C48681BDEAFE300CBCF8E /* ViewController.m */; };
		815C486C1BDEAFE300CBCF8E /* Main.storyboard in Resources */ = {isa = PBXBuildFile; fileRef = 815C486A1BDEAFE300CBCF8E /* Main.storyboard */; };
		815C486E1BDEAFE300CBCF8E /* Assets.xcassets in Resources */ = {isa = PBXBuildFile; fileRef = 815C486D1BDEAFE300CBCF8E /* Assets.xcassets */; };
		815C48711BDEAFE300CBCF8E /* LaunchScreen.storyboard in Resources */ = {isa = PBXBuildFile; fileRef = 815C486F1BDEAFE300CBCF8E /* LaunchScreen.storyboard */; };
		815C487C1BDEAFE300CBCF8E /* TabBarWithNotificationTests.m in Sources */ = {isa = PBXBuildFile; fileRef = 815C487B1BDEAFE300CBCF8E /* TabBarWithNotificationTests.m */; };
		815C48871BDEAFE300CBCF8E /* TabBarWithNotificationUITests.m in Sources */ = {isa = PBXBuildFile; fileRef = 815C48861BDEAFE300CBCF8E /* TabBarWithNotificationUITests.m */; };
/* End PBXBuildFile section */

/* Begin PBXContainerItemProxy section */
		815C48781BDEAFE300CBCF8E /* PBXContainerItemProxy */ = {
			isa = PBXContainerItemProxy;
			containerPortal = 815C48561BDEAFE300CBCF8E /* Project object */;
			proxyType = 1;
			remoteGlobalIDString = 815C485D1BDEAFE300CBCF8E;
			remoteInfo = TabBarWithNotification;
		};
		815C48831BDEAFE300CBCF8E /* PBXContainerItemProxy */ = {
			isa = PBXContainerItemProxy;
			containerPortal = 815C48561BDEAFE300CBCF8E /* Project object */;
			proxyType = 1;
			remoteGlobalIDString = 815C485D1BDEAFE300CBCF8E;
			remoteInfo = TabBarWithNotification;
		};
/* End PBXContainerItemProxy section */

/* Begin PBXFileReference section */
		815C485E1BDEAFE300CBCF8E /* TabBarWithNotification.app */ = {isa = PBXFileReference; explicitFileType = wrapper.application; includeInIndex = 0; path = TabBarWithNotification.app; sourceTree = BUILT_PRODUCTS_DIR; };
		815C48621BDEAFE300CBCF8E /* main.m */ = {isa = PBXFileReference; lastKnownFileType = sourcecode.c.objc; path = main.m; sourceTree = "<group>"; };
		815C48641BDEAFE300CBCF8E /* AppDelegate.h */ = {isa = PBXFileReference; lastKnownFileType = sourcecode.c.h; path = AppDelegate.h; sourceTree = "<group>"; };
		815C48651BDEAFE300CBCF8E /* AppDelegate.m */ = {isa = PBXFileReference; lastKnownFileType = sourcecode.c.objc; path = AppDelegate.m; sourceTree = "<group>"; };
		815C48671BDEAFE300CBCF8E /* ViewController.h */ = {isa = PBXFileReference; lastKnownFileType = sourcecode.c.h; path = ViewController.h; sourceTree = "<group>"; };
		815C48681BDEAFE300CBCF8E /* ViewController.m */ = {isa = PBXFileReference; lastKnownFileType = sourcecode.c.objc; path = ViewController.m; sourceTree = "<group>"; };
		815C486B1BDEAFE300CBCF8E /* Base */ = {isa = PBXFileReference; lastKnownFileType = file.storyboard; name = Base; path = Base.lproj/Main.storyboard; sourceTree = "<group>"; };
		815C486D1BDEAFE300CBCF8E /* Assets.xcassets */ = {isa = PBXFileReference; lastKnownFileType = folder.assetcatalog; path = Assets.xcassets; sourceTree = "<group>"; };
		815C48701BDEAFE300CBCF8E /* Base */ = {isa = PBXFileReference; lastKnownFileType = file.storyboard; name = Base; path = Base.lproj/LaunchScreen.storyboard; sourceTree = "<group>"; };
		815C48721BDEAFE300CBCF8E /* Info.plist */ = {isa = PBXFileReference; lastKnownFileType = text.plist.xml; path = Info.plist; sourceTree = "<group>"; };
		815C48771BDEAFE300CBCF8E /* TabBarWithNotificationTests.xctest */ = {isa = PBXFileReference; explicitFileType = wrapper.cfbundle; includeInIndex = 0; path = TabBarWithNotificationTests.xctest; sourceTree = BUILT_PRODUCTS_DIR; };
		815C487B1BDEAFE300CBCF8E /* TabBarWithNotificationTests.m */ = {isa = PBXFileReference; lastKnownFileType = sourcecode.c.objc; path = TabBarWithNotificationTests.m; sourceTree = "<group>"; };
		815C487D1BDEAFE300CBCF8E /* Info.plist */ = {isa = PBXFileReference; lastKnownFileType = text.plist.xml; path = Info.plist; sourceTree = "<group>"; };
		815C48821BDEAFE300CBCF8E /* TabBarWithNotificationUITests.xctest */ = {isa = PBXFileReference; explicitFileType = wrapper.cfbundle; includeInIndex = 0; path = TabBarWithNotificationUITests.xctest; sourceTree = BUILT_PRODUCTS_DIR; };
		815C48861BDEAFE300CBCF8E /* TabBarWithNotificationUITests.m */ = {isa = PBXFileReference; lastKnownFileType = sourcecode.c.objc; path = TabBarWithNotificationUITests.m; sourceTree = "<group>"; };
		815C48881BDEAFE300CBCF8E /* Info.plist */ = {isa = PBXFileReference; lastKnownFileType = text.plist.xml; path = Info.plist; sourceTree = "<group>"; };
/* End PBXFileReference section */

/* Begin PBXFrameworksBuildPhase section */
		815C485B1BDEAFE300CBCF8E /* Frameworks */ = {
			isa = PBXFrameworksBuildPhase;
			buildActionMask = 2147483647;
			files = (
			);
			runOnlyForDeploymentPostprocessing = 0;
		};
		815C48741BDEAFE300CBCF8E /* Frameworks */ = {
			isa = PBXFrameworksBuildPhase;
			buildActionMask = 2147483647;
			files = (
			);
			runOnlyForDeploymentPostprocessing = 0;
		};
		815C487F1BDEAFE300CBCF8E /* Frameworks */ = {
			isa = PBXFrameworksBuildPhase;
			buildActionMask = 2147483647;
			files = (
			);
			runOnlyForDeploymentPostprocessing = 0;
		};
/* End PBXFrameworksBuildPhase section */

/* Begin PBXGroup section */
		815C48551BDEAFE300CBCF8E = {
			isa = PBXGroup;
			children = (
				815C48601BDEAFE300CBCF8E /* TabBarWithNotification */,
				815C487A1BDEAFE300CBCF8E /* TabBarWithNotificationTests */,
				815C48851BDEAFE300CBCF8E /* TabBarWithNotificationUITests */,
				815C485F1BDEAFE300CBCF8E /* Products */,
			);
			sourceTree = "<group>";
		};
		815C485F1BDEAFE300CBCF8E /* Products */ = {
			isa = PBXGroup;
			children = (
				815C485E1BDEAFE300CBCF8E /* TabBarWithNotification.app */,
				815C48771BDEAFE300CBCF8E /* TabBarWithNotificationTests.xctest */,
				815C48821BDEAFE300CBCF8E /* TabBarWithNotificationUITests.xctest */,
			);
			name = Products;
			sourceTree = "<group>";
		};
		815C48601BDEAFE300CBCF8E /* TabBarWithNotification */ = {
			isa = PBXGroup;
			children = (
				815C48641BDEAFE300CBCF8E /* AppDelegate.h */,
				815C48651BDEAFE300CBCF8E /* AppDelegate.m */,
				815C48671BDEAFE300CBCF8E /* ViewController.h */,
				815C48681BDEAFE300CBCF8E /* ViewController.m */,
				815C486A1BDEAFE300CBCF8E /* Main.storyboard */,
				815C486D1BDEAFE300CBCF8E /* Assets.xcassets */,
				815C486F1BDEAFE300CBCF8E /* LaunchScreen.storyboard */,
				815C48721BDEAFE300CBCF8E /* Info.plist */,
				815C48611BDEAFE300CBCF8E /* Supporting Files */,
			);
			path = TabBarWithNotification;
			sourceTree = "<group>";
		};
		815C48611BDEAFE300CBCF8E /* Supporting Files */ = {
			isa = PBXGroup;
			children = (
				815C48621BDEAFE300CBCF8E /* main.m */,
			);
			name = "Supporting Files";
			sourceTree = "<group>";
		};
		815C487A1BDEAFE300CBCF8E /* TabBarWithNotificationTests */ = {
			isa = PBXGroup;
			children = (
				815C487B1BDEAFE300CBCF8E /* TabBarWithNotificationTests.m */,
				815C487D1BDEAFE300CBCF8E /* Info.plist */,
			);
			path = TabBarWithNotificationTests;
			sourceTree = "<group>";
		};
		815C48851BDEAFE300CBCF8E /* TabBarWithNotificationUITests */ = {
			isa = PBXGroup;
			children = (
				815C48861BDEAFE300CBCF8E /* TabBarWithNotificationUITests.m */,
				815C48881BDEAFE300CBCF8E /* Info.plist */,
			);
			path = TabBarWithNotificationUITests;
			sourceTree = "<group>";
		};
/* End PBXGroup section */

/* Begin PBXNativeTarget section */
		815C485D1BDEAFE300CBCF8E /* TabBarWithNotification */ = {
			isa = PBXNativeTarget;
			buildConfigurationList = 815C488B1BDEAFE300CBCF8E /* Build configuration list for PBXNativeTarget "TabBarWithNotification" */;
			buildPhases = (
				815C485A1BDEAFE300CBCF8E /* Sources */,
				815C485B1BDEAFE300CBCF8E /* Frameworks */,
				815C485C1BDEAFE300CBCF8E /* Resources */,
			);
			buildRules = (
			);
			dependencies = (
			);
			name = TabBarWithNotification;
			productName = TabBarWithNotification;
			productReference = 815C485E1BDEAFE300CBCF8E /* TabBarWithNotification.app */;
			productType = "com.apple.product-type.application";
		};
		815C48761BDEAFE300CBCF8E /* TabBarWithNotificationTests */ = {
			isa = PBXNativeTarget;
			buildConfigurationList = 815C488E1BDEAFE300CBCF8E /* Build configuration list for PBXNativeTarget "TabBarWithNotificationTests" */;
			buildPhases = (
				815C48731BDEAFE300CBCF8E /* Sources */,
				815C48741BDEAFE300CBCF8E /* Frameworks */,
				815C48751BDEAFE300CBCF8E /* Resources */,
			);
			buildRules = (
			);
			dependencies = (
				815C48791BDEAFE300CBCF8E /* PBXTargetDependency */,
			);
			name = TabBarWithNotificationTests;
			productName = TabBarWithNotificationTests;
			productReference = 815C48771BDEAFE300CBCF8E /* TabBarWithNotificationTests.xctest */;
			productType = "com.apple.product-type.bundle.unit-test";
		};
		815C48811BDEAFE300CBCF8E /* TabBarWithNotificationUITests */ = {
			isa = PBXNativeTarget;
			buildConfigurationList = 815C48911BDEAFE300CBCF8E /* Build configuration list for PBXNativeTarget "TabBarWithNotificationUITests" */;
			buildPhases = (
				815C487E1BDEAFE300CBCF8E /* Sources */,
				815C487F1BDEAFE300CBCF8E /* Frameworks */,
				815C48801BDEAFE300CBCF8E /* Resources */,
			);
			buildRules = (
			);
			dependencies = (
				815C48841BDEAFE300CBCF8E /* PBXTargetDependency */,
			);
			name = TabBarWithNotificationUITests;
			productName = TabBarWithNotificationUITests;
			productReference = 815C48821BDEAFE300CBCF8E /* TabBarWithNotificationUITests.xctest */;
			productType = "com.apple.product-type.bundle.ui-testing";
		};
/* End PBXNativeTarget section */

/* Begin PBXProject section */
		815C48561BDEAFE300CBCF8E /* Project object */ = {
			isa = PBXProject;
			attributes = {
				LastUpgradeCheck = 0710;
				ORGANIZATIONNAME = "Treinamento Mobile";
				TargetAttributes = {
					815C485D1BDEAFE300CBCF8E = {
						CreatedOnToolsVersion = 7.1;
					};
					815C48761BDEAFE300CBCF8E = {
						CreatedOnToolsVersion = 7.1;
						TestTargetID = 815C485D1BDEAFE300CBCF8E;
					};
					815C48811BDEAFE300CBCF8E = {
						CreatedOnToolsVersion = 7.1;
						TestTargetID = 815C485D1BDEAFE300CBCF8E;
					};
				};
			};
			buildConfigurationList = 815C48591BDEAFE300CBCF8E /* Build configuration list for PBXProject "TabBarWithNotification" */;
			compatibilityVersion = "Xcode 3.2";
			developmentRegion = English;
			hasScannedForEncodings = 0;
			knownRegions = (
				en,
				Base,
			);
			mainGroup = 815C48551BDEAFE300CBCF8E;
			productRefGroup = 815C485F1BDEAFE300CBCF8E /* Products */;
			projectDirPath = "";
			projectRoot = "";
			targets = (
				815C485D1BDEAFE300CBCF8E /* TabBarWithNotification */,
				815C48761BDEAFE300CBCF8E /* TabBarWithNotificationTests */,
				815C48811BDEAFE300CBCF8E /* TabBarWithNotificationUITests */,
			);
		};
/* End PBXProject section */

/* Begin PBXResourcesBuildPhase section */
		815C485C1BDEAFE300CBCF8E /* Resources */ = {
			isa = PBXResourcesBuildPhase;
			buildActionMask = 2147483647;
			files = (
				815C48711BDEAFE300CBCF8E /* LaunchScreen.storyboard in Resources */,
				815C486E1BDEAFE300CBCF8E /* Assets.xcassets in Resources */,
				815C486C1BDEAFE300CBCF8E /* Main.storyboard in Resources */,
			);
			runOnlyForDeploymentPostprocessing = 0;
		};
		815C48751BDEAFE300CBCF8E /* Resources */ = {
			isa = PBXResourcesBuildPhase;
			buildActionMask = 2147483647;
			files = (
			);
			runOnlyForDeploymentPostprocessing = 0;
		};
		815C48801BDEAFE300CBCF8E /* Resources */ = {
			isa = PBXResourcesBuildPhase;
			buildActionMask = 2147483647;
			files = (
			);
			runOnlyForDeploymentPostprocessing = 0;
		};
/* End PBXResourcesBuildPhase section */

/* Begin PBXSourcesBuildPhase section */
		815C485A1BDEAFE300CBCF8E /* Sources */ = {
			isa = PBXSourcesBuildPhase;
			buildActionMask = 2147483647;
			files = (
				815C48691BDEAFE300CBCF8E /* ViewController.m in Sources */,
				815C48661BDEAFE300CBCF8E /* AppDelegate.m in Sources */,
				815C48631BDEAFE300CBCF8E /* main.m in Sources */,
			);
			runOnlyForDeploymentPostprocessing = 0;
		};
		815C48731BDEAFE300CBCF8E /* Sources */ = {
			isa = PBXSourcesBuildPhase;
			buildActionMask = 2147483647;
			files = (
				815C487C1BDEAFE300CBCF8E /* TabBarWithNotificationTests.m in Sources */,
			);
			runOnlyForDeploymentPostprocessing = 0;
		};
		815C487E1BDEAFE300CBCF8E /* Sources */ = {
			isa = PBXSourcesBuildPhase;
			buildActionMask = 2147483647;
			files = (
				815C48871BDEAFE300CBCF8E /* TabBarWithNotificationUITests.m in Sources */,
			);
			runOnlyForDeploymentPostprocessing = 0;
		};
/* End PBXSourcesBuildPhase section */

/* Begin PBXTargetDependency section */
		815C48791BDEAFE300CBCF8E /* PBXTargetDependency */ = {
			isa = PBXTargetDependency;
			target = 815C485D1BDEAFE300CBCF8E /* TabBarWithNotification */;
			targetProxy = 815C48781BDEAFE300CBCF8E /* PBXContainerItemProxy */;
		};
		815C48841BDEAFE300CBCF8E /* PBXTargetDependency */ = {
			isa = PBXTargetDependency;
			target = 815C485D1BDEAFE300CBCF8E /* TabBarWithNotification */;
			targetProxy = 815C48831BDEAFE300CBCF8E /* PBXContainerItemProxy */;
		};
/* End PBXTargetDependency section */

/* Begin PBXVariantGroup section */
		815C486A1BDEAFE300CBCF8E /* Main.storyboard */ = {
			isa = PBXVariantGroup;
			children = (
				815C486B1BDEAFE300CBCF8E /* Base */,
			);
			name = Main.storyboard;
			sourceTree = "<group>";
		};
		815C486F1BDEAFE300CBCF8E /* LaunchScreen.storyboard */ = {
			isa = PBXVariantGroup;
			children = (
				815C48701BDEAFE300CBCF8E /* Base */,
			);
			name = LaunchScreen.storyboard;
			sourceTree = "<group>";
		};
/* End PBXVariantGroup section */

/* Begin XCBuildConfiguration section */
		815C48891BDEAFE300CBCF8E /* Debug */ = {
			isa = XCBuildConfiguration;
			buildSettings = {
				ALWAYS_SEARCH_USER_PATHS = NO;
				CLANG_CXX_LANGUAGE_STANDARD = "gnu++0x";
				CLANG_CXX_LIBRARY = "libc++";
				CLANG_ENABLE_MODULES = YES;
				CLANG_ENABLE_OBJC_ARC = YES;
				CLANG_WARN_BOOL_CONVERSION = YES;
				CLANG_WARN_CONSTANT_CONVERSION = YES;
				CLANG_WARN_DIRECT_OBJC_ISA_USAGE = YES_ERROR;
				CLANG_WARN_EMPTY_BODY = YES;
				CLANG_WARN_ENUM_CONVERSION = YES;
				CLANG_WARN_INT_CONVERSION = YES;
				CLANG_WARN_OBJC_ROOT_CLASS = YES_ERROR;
				CLANG_WARN_UNREACHABLE_CODE = YES;
				CLANG_WARN__DUPLICATE_METHOD_MATCH = YES;
				"CODE_SIGN_IDENTITY[sdk=iphoneos*]" = "iPhone Developer";
				COPY_PHASE_STRIP = NO;
				DEBUG_INFORMATION_FORMAT = dwarf;
				ENABLE_STRICT_OBJC_MSGSEND = YES;
				ENABLE_TESTABILITY = YES;
				GCC_C_LANGUAGE_STANDARD = gnu99;
				GCC_DYNAMIC_NO_PIC = NO;
				GCC_NO_COMMON_BLOCKS = YES;
				GCC_OPTIMIZATION_LEVEL = 0;
				GCC_PREPROCESSOR_DEFINITIONS = (
					"DEBUG=1",
					"$(inherited)",
				);
				GCC_WARN_64_TO_32_BIT_CONVERSION = YES;
				GCC_WARN_ABOUT_RETURN_TYPE = YES_ERROR;
				GCC_WARN_UNDECLARED_SELECTOR = YES;
				GCC_WARN_UNINITIALIZED_AUTOS = YES_AGGRESSIVE;
				GCC_WARN_UNUSED_FUNCTION = YES;
				GCC_WARN_UNUSED_VARIABLE = YES;
				IPHONEOS_DEPLOYMENT_TARGET = 9.1;
				MTL_ENABLE_DEBUG_INFO = YES;
				ONLY_ACTIVE_ARCH = YES;
				SDKROOT = iphoneos;
				TARGETED_DEVICE_FAMILY = "1,2";
			};
			name = Debug;
		};
		815C488A1BDEAFE300CBCF8E /* Release */ = {
			isa = XCBuildConfiguration;
			buildSettings = {
				ALWAYS_SEARCH_USER_PATHS = NO;
				CLANG_CXX_LANGUAGE_STANDARD = "gnu++0x";
				CLANG_CXX_LIBRARY = "libc++";
				CLANG_ENABLE_MODULES = YES;
				CLANG_ENABLE_OBJC_ARC = YES;
				CLANG_WARN_BOOL_CONVERSION = YES;
				CLANG_WARN_CONSTANT_CONVERSION = YES;
				CLANG_WARN_DIRECT_OBJC_ISA_USAGE = YES_ERROR;
				CLANG_WARN_EMPTY_BODY = YES;
				CLANG_WARN_ENUM_CONVERSION = YES;
				CLANG_WARN_INT_CONVERSION = YES;
				CLANG_WARN_OBJC_ROOT_CLASS = YES_ERROR;
				CLANG_WARN_UNREACHABLE_CODE = YES;
				CLANG_WARN__DUPLICATE_METHOD_MATCH = YES;
				"CODE_SIGN_IDENTITY[sdk=iphoneos*]" = "iPhone Developer";
				COPY_PHASE_STRIP = NO;
				DEBUG_INFORMATION_FORMAT = "dwarf-with-dsym";
				ENABLE_NS_ASSERTIONS = NO;
				ENABLE_STRICT_OBJC_MSGSEND = YES;
				GCC_C_LANGUAGE_STANDARD = gnu99;
				GCC_NO_COMMON_BLOCKS = YES;
				GCC_WARN_64_TO_32_BIT_CONVERSION = YES;
				GCC_WARN_ABOUT_RETURN_TYPE = YES_ERROR;
				GCC_WARN_UNDECLARED_SELECTOR = YES;
				GCC_WARN_UNINITIALIZED_AUTOS = YES_AGGRESSIVE;
				GCC_WARN_UNUSED_FUNCTION = YES;
				GCC_WARN_UNUSED_VARIABLE = YES;
				IPHONEOS_DEPLOYMENT_TARGET = 9.1;
				MTL_ENABLE_DEBUG_INFO = NO;
				SDKROOT = iphoneos;
				TARGETED_DEVICE_FAMILY = "1,2";
				VALIDATE_PRODUCT = YES;
			};
			name = Release;
		};
		815C488C1BDEAFE300CBCF8E /* Debug */ = {
			isa = XCBuildConfiguration;
			buildSettings = {
				ASSETCATALOG_COMPILER_APPICON_NAME = AppIcon;
				INFOPLIST_FILE = TabBarWithNotification/Info.plist;
				LD_RUNPATH_SEARCH_PATHS = "$(inherited) @executable_path/Frameworks";
				PRODUCT_BUNDLE_IDENTIFIER = squiter.TabBarWithNotification;
				PRODUCT_NAME = "$(TARGET_NAME)";
			};
			name = Debug;
		};
		815C488D1BDEAFE300CBCF8E /* Release */ = {
			isa = XCBuildConfiguration;
			buildSettings = {
				ASSETCATALOG_COMPILER_APPICON_NAME = AppIcon;
				INFOPLIST_FILE = TabBarWithNotification/Info.plist;
				LD_RUNPATH_SEARCH_PATHS = "$(inherited) @executable_path/Frameworks";
				PRODUCT_BUNDLE_IDENTIFIER = squiter.TabBarWithNotification;
				PRODUCT_NAME = "$(TARGET_NAME)";
			};
			name = Release;
		};
		815C488F1BDEAFE300CBCF8E /* Debug */ = {
			isa = XCBuildConfiguration;
			buildSettings = {
				BUNDLE_LOADER = "$(TEST_HOST)";
				INFOPLIST_FILE = TabBarWithNotificationTests/Info.plist;
				LD_RUNPATH_SEARCH_PATHS = "$(inherited) @executable_path/Frameworks @loader_path/Frameworks";
				PRODUCT_BUNDLE_IDENTIFIER = squiter.TabBarWithNotificationTests;
				PRODUCT_NAME = "$(TARGET_NAME)";
				TEST_HOST = "$(BUILT_PRODUCTS_DIR)/TabBarWithNotification.app/TabBarWithNotification";
			};
			name = Debug;
		};
		815C48901BDEAFE300CBCF8E /* Release */ = {
			isa = XCBuildConfiguration;
			buildSettings = {
				BUNDLE_LOADER = "$(TEST_HOST)";
				INFOPLIST_FILE = TabBarWithNotificationTests/Info.plist;
				LD_RUNPATH_SEARCH_PATHS = "$(inherited) @executable_path/Frameworks @loader_path/Frameworks";
				PRODUCT_BUNDLE_IDENTIFIER = squiter.TabBarWithNotificationTests;
				PRODUCT_NAME = "$(TARGET_NAME)";
				TEST_HOST = "$(BUILT_PRODUCTS_DIR)/TabBarWithNotification.app/TabBarWithNotification";
			};
			name = Release;
		};
		815C48921BDEAFE300CBCF8E /* Debug */ = {
			isa = XCBuildConfiguration;
			buildSettings = {
				INFOPLIST_FILE = TabBarWithNotificationUITests/Info.plist;
				LD_RUNPATH_SEARCH_PATHS = "$(inherited) @executable_path/Frameworks @loader_path/Frameworks";
				PRODUCT_BUNDLE_IDENTIFIER = squiter.TabBarWithNotificationUITests;
				PRODUCT_NAME = "$(TARGET_NAME)";
				TEST_TARGET_NAME = TabBarWithNotification;
				USES_XCTRUNNER = YES;
			};
			name = Debug;
		};
		815C48931BDEAFE300CBCF8E /* Release */ = {
			isa = XCBuildConfiguration;
			buildSettings = {
				INFOPLIST_FILE = TabBarWithNotificationUITests/Info.plist;
				LD_RUNPATH_SEARCH_PATHS = "$(inherited) @executable_path/Frameworks @loader_path/Frameworks";
				PRODUCT_BUNDLE_IDENTIFIER = squiter.TabBarWithNotificationUITests;
				PRODUCT_NAME = "$(TARGET_NAME)";
				TEST_TARGET_NAME = TabBarWithNotification;
				USES_XCTRUNNER = YES;
			};
			name = Release;
		};
/* End XCBuildConfiguration section */

/* Begin XCConfigurationList section */
		815C48591BDEAFE300CBCF8E /* Build configuration list for PBXProject "TabBarWithNotification" */ = {
			isa = XCConfigurationList;
			buildConfigurations = (
				815C48891BDEAFE300CBCF8E /* Debug */,
				815C488A1BDEAFE300CBCF8E /* Release */,
			);
			defaultConfigurationIsVisible = 0;
			defaultConfigurationName = Release;
		};
		815C488B1BDEAFE300CBCF8E /* Build configuration list for PBXNativeTarget "TabBarWithNotification" */ = {
			isa = XCConfigurationList;
			buildConfigurations = (
				815C488C1BDEAFE300CBCF8E /* Debug */,
				815C488D1BDEAFE300CBCF8E /* Release */,
			);
			defaultConfigurationIsVisible = 0;
		};
		815C488E1BDEAFE300CBCF8E /* Build configuration list for PBXNativeTarget "TabBarWithNotificationTests" */ = {
			isa = XCConfigurationList;
			buildConfigurations = (
				815C488F1BDEAFE300CBCF8E /* Debug */,
				815C48901BDEAFE300CBCF8E /* Release */,
			);
			defaultConfigurationIsVisible = 0;
		};
		815C48911BDEAFE300CBCF8E /* Build configuration list for PBXNativeTarget "TabBarWithNotificationUITests" */ = {
			isa = XCConfigurationList;
			buildConfigurations = (
				815C48921BDEAFE300CBCF8E /* Debug */,
				815C48931BDEAFE300CBCF8E /* Release */,
			);
			defaultConfigurationIsVisible = 0;
		};
/* End XCConfigurationList section */
	};
	rootObject = 815C48561BDEAFE300CBCF8E /* Project object */;
}
